// !$*UTF8*$!
{
	archiveVersion = 1;
	classes = {
	};
	objectVersion = 50;
	objects = {

/* Begin PBXBuildFile section */
		F80C6625259919EB00F4C6BB /* ToolbarPickerView.swift in Sources */ = {isa = PBXBuildFile; fileRef = F80C6624259919EB00F4C6BB /* ToolbarPickerView.swift */; };
		F89D2BBB25989EEC006D20C0 /* AppDelegate.swift in Sources */ = {isa = PBXBuildFile; fileRef = F89D2BBA25989EEC006D20C0 /* AppDelegate.swift */; };
		F89D2BBD25989EEC006D20C0 /* SceneDelegate.swift in Sources */ = {isa = PBXBuildFile; fileRef = F89D2BBC25989EEC006D20C0 /* SceneDelegate.swift */; };
		F89D2BBF25989EEC006D20C0 /* ViewController.swift in Sources */ = {isa = PBXBuildFile; fileRef = F89D2BBE25989EEC006D20C0 /* ViewController.swift */; };
		F89D2BC225989EEC006D20C0 /* Main.storyboard in Resources */ = {isa = PBXBuildFile; fileRef = F89D2BC025989EEC006D20C0 /* Main.storyboard */; };
		F89D2BC425989EF2006D20C0 /* Assets.xcassets in Resources */ = {isa = PBXBuildFile; fileRef = F89D2BC325989EF2006D20C0 /* Assets.xcassets */; };
		F89D2BC725989EF2006D20C0 /* LaunchScreen.storyboard in Resources */ = {isa = PBXBuildFile; fileRef = F89D2BC525989EF2006D20C0 /* LaunchScreen.storyboard */; };
		F8C06E97259A0C84007D5233 /* UsersVCPresenter.swift in Sources */ = {isa = PBXBuildFile; fileRef = F8C06E96259A0C84007D5233 /* UsersVCPresenter.swift */; };
/* End PBXBuildFile section */

/* Begin PBXFileReference section */
		F80C6624259919EB00F4C6BB /* ToolbarPickerView.swift */ = {isa = PBXFileReference; lastKnownFileType = sourcecode.swift; path = ToolbarPickerView.swift; sourceTree = "<group>"; };
		F89D2BB725989EEC006D20C0 /* CalculatorWithGado.app */ = {isa = PBXFileReference; explicitFileType = wrapper.application; includeInIndex = 0; path = CalculatorWithGado.app; sourceTree = BUILT_PRODUCTS_DIR; };
		F89D2BBA25989EEC006D20C0 /* AppDelegate.swift */ = {isa = PBXFileReference; lastKnownFileType = sourcecode.swift; path = AppDelegate.swift; sourceTree = "<group>"; };
		F89D2BBC25989EEC006D20C0 /* SceneDelegate.swift */ = {isa = PBXFileReference; lastKnownFileType = sourcecode.swift; path = SceneDelegate.swift; sourceTree = "<group>"; };
		F89D2BBE25989EEC006D20C0 /* ViewController.swift */ = {isa = PBXFileReference; lastKnownFileType = sourcecode.swift; path = ViewController.swift; sourceTree = "<group>"; };
		F89D2BC125989EEC006D20C0 /* Base */ = {isa = PBXFileReference; lastKnownFileType = file.storyboard; name = Base; path = Base.lproj/Main.storyboard; sourceTree = "<group>"; };
		F89D2BC325989EF2006D20C0 /* Assets.xcassets */ = {isa = PBXFileReference; lastKnownFileType = folder.assetcatalog; path = Assets.xcassets; sourceTree = "<group>"; };
		F89D2BC625989EF2006D20C0 /* Base */ = {isa = PBXFileReference; lastKnownFileType = file.storyboard; name = Base; path = Base.lproj/LaunchScreen.storyboard; sourceTree = "<group>"; };
		F89D2BC825989EF2006D20C0 /* Info.plist */ = {isa = PBXFileReference; lastKnownFileType = text.plist.xml; path = Info.plist; sourceTree = "<group>"; };
		F8C06E96259A0C84007D5233 /* UsersVCPresenter.swift */ = {isa = PBXFileReference; lastKnownFileType = sourcecode.swift; path = UsersVCPresenter.swift; sourceTree = "<group>"; };
/* End PBXFileReference section */

/* Begin PBXFrameworksBuildPhase section */
		F89D2BB425989EEC006D20C0 /* Frameworks */ = {
			isa = PBXFrameworksBuildPhase;
			buildActionMask = 2147483647;
			files = (
			);
			runOnlyForDeploymentPostprocessing = 0;
		};
/* End PBXFrameworksBuildPhase section */

/* Begin PBXGroup section */
		F89D2BAE25989EEC006D20C0 = {
			isa = PBXGroup;
			children = (
				F89D2BB925989EEC006D20C0 /* CalculatorWithGado */,
				F89D2BB825989EEC006D20C0 /* Products */,
			);
			sourceTree = "<group>";
		};
		F89D2BB825989EEC006D20C0 /* Products */ = {
			isa = PBXGroup;
			children = (
				F89D2BB725989EEC006D20C0 /* CalculatorWithGado.app */,
			);
			name = Products;
			sourceTree = "<group>";
		};
		F89D2BB925989EEC006D20C0 /* CalculatorWithGado */ = {
			isa = PBXGroup;
			children = (
				F8C06E92259A0BE0007D5233 /* Scences */,
				F89D2BC025989EEC006D20C0 /* Main.storyboard */,
				F89D2BC325989EF2006D20C0 /* Assets.xcassets */,
				F89D2BC525989EF2006D20C0 /* LaunchScreen.storyboard */,
				F89D2BC825989EF2006D20C0 /* Info.plist */,
				F80C6624259919EB00F4C6BB /* ToolbarPickerView.swift */,
			);
			path = CalculatorWithGado;
			sourceTree = "<group>";
		};
		F8C06E92259A0BE0007D5233 /* Scences */ = {
			isa = PBXGroup;
			children = (
				F89D2BBA25989EEC006D20C0 /* AppDelegate.swift */,
				F89D2BBC25989EEC006D20C0 /* SceneDelegate.swift */,
				F8C06E95259A0C52007D5233 /* View */,
				F8C06E94259A0C45007D5233 /* presenter */,
			);
			path = Scences;
			sourceTree = "<group>";
		};
		F8C06E94259A0C45007D5233 /* presenter */ = {
			isa = PBXGroup;
			children = (
				F8C06E96259A0C84007D5233 /* UsersVCPresenter.swift */,
			);
			path = presenter;
			sourceTree = "<group>";
		};
		F8C06E95259A0C52007D5233 /* View */ = {
			isa = PBXGroup;
			children = (
				F89D2BBE25989EEC006D20C0 /* ViewController.swift */,
			);
			path = View;
			sourceTree = "<group>";
		};
/* End PBXGroup section */

/* Begin PBXNativeTarget section */
		F89D2BB625989EEC006D20C0 /* CalculatorWithGado */ = {
			isa = PBXNativeTarget;
			buildConfigurationList = F89D2BCB25989EF2006D20C0 /* Build configuration list for PBXNativeTarget "CalculatorWithGado" */;
			buildPhases = (
				F89D2BB325989EEC006D20C0 /* Sources */,
				F89D2BB425989EEC006D20C0 /* Frameworks */,
				F89D2BB525989EEC006D20C0 /* Resources */,
			);
			buildRules = (
			);
			dependencies = (
			);
			name = CalculatorWithGado;
			productName = CalculatorWithGado;
			productReference = F89D2BB725989EEC006D20C0 /* CalculatorWithGado.app */;
			productType = "com.apple.product-type.application";
		};
/* End PBXNativeTarget section */

/* Begin PBXProject section */
		F89D2BAF25989EEC006D20C0 /* Project object */ = {
			isa = PBXProject;
			attributes = {
				LastSwiftUpdateCheck = 1220;
				LastUpgradeCheck = 1220;
				TargetAttributes = {
					F89D2BB625989EEC006D20C0 = {
						CreatedOnToolsVersion = 12.2;
					};
				};
			};
			buildConfigurationList = F89D2BB225989EEC006D20C0 /* Build configuration list for PBXProject "CalculatorWithGado" */;
			compatibilityVersion = "Xcode 9.3";
			developmentRegion = en;
			hasScannedForEncodings = 0;
			knownRegions = (
				en,
				Base,
			);
			mainGroup = F89D2BAE25989EEC006D20C0;
			productRefGroup = F89D2BB825989EEC006D20C0 /* Products */;
			projectDirPath = "";
			projectRoot = "";
			targets = (
				F89D2BB625989EEC006D20C0 /* CalculatorWithGado */,
			);
		};
/* End PBXProject section */

/* Begin PBXResourcesBuildPhase section */
		F89D2BB525989EEC006D20C0 /* Resources */ = {
			isa = PBXResourcesBuildPhase;
			buildActionMask = 2147483647;
			files = (
				F89D2BC725989EF2006D20C0 /* LaunchScreen.storyboard in Resources */,
				F89D2BC425989EF2006D20C0 /* Assets.xcassets in Resources */,
				F89D2BC225989EEC006D20C0 /* Main.storyboard in Resources */,
			);
			runOnlyForDeploymentPostprocessing = 0;
		};
/* End PBXResourcesBuildPhase section */

/* Begin PBXSourcesBuildPhase section */
		F89D2BB325989EEC006D20C0 /* Sources */ = {
			isa = PBXSourcesBuildPhase;
			buildActionMask = 2147483647;
			files = (
				F8C06E97259A0C84007D5233 /* UsersVCPresenter.swift in Sources */,
				F89D2BBF25989EEC006D20C0 /* ViewController.swift in Sources */,
				F89D2BBB25989EEC006D20C0 /* AppDelegate.swift in Sources */,
				F80C6625259919EB00F4C6BB /* ToolbarPickerView.swift in Sources */,
				F89D2BBD25989EEC006D20C0 /* SceneDelegate.swift in Sources */,
			);
			runOnlyForDeploymentPostprocessing = 0;
		};
/* End PBXSourcesBuildPhase section */

/* Begin PBXVariantGroup section */
		F89D2BC025989EEC006D20C0 /* Main.storyboard */ = {
			isa = PBXVariantGroup;
			children = (
				F89D2BC125989EEC006D20C0 /* Base */,
			);
			name = Main.storyboard;
			sourceTree = "<group>";
		};
		F89D2BC525989EF2006D20C0 /* LaunchScreen.storyboard */ = {
			isa = PBXVariantGroup;
			children = (
				F89D2BC625989EF2006D20C0 /* Base */,
			);
			name = LaunchScreen.storyboard;
			sourceTree = "<group>";
		};
/* End PBXVariantGroup section */

/* Begin XCBuildConfiguration section */
		F89D2BC925989EF2006D20C0 /* Debug */ = {
			isa = XCBuildConfiguration;
			buildSettings = {
				ALWAYS_SEARCH_USER_PATHS = NO;
				CLANG_ANALYZER_NONNULL = YES;
				CLANG_ANALYZER_NUMBER_OBJECT_CONVERSION = YES_AGGRESSIVE;
				CLANG_CXX_LANGUAGE_STANDARD = "gnu++14";
				CLANG_CXX_LIBRARY = "libc++";
				CLANG_ENABLE_MODULES = YES;
				CLANG_ENABLE_OBJC_ARC = YES;
				CLANG_ENABLE_OBJC_WEAK = YES;
				CLANG_WARN_BLOCK_CAPTURE_AUTORELEASING = YES;
				CLANG_WARN_BOOL_CONVERSION = YES;
				CLANG_WARN_COMMA = YES;
				CLANG_WARN_CONSTANT_CONVERSION = YES;
				CLANG_WARN_DEPRECATED_OBJC_IMPLEMENTATIONS = YES;
				CLANG_WARN_DIRECT_OBJC_ISA_USAGE = YES_ERROR;
				CLANG_WARN_DOCUMENTATION_COMMENTS = YES;
				CLANG_WARN_EMPTY_BODY = YES;
				CLANG_WARN_ENUM_CONVERSION = YES;
				CLANG_WARN_INFINITE_RECURSION = YES;
				CLANG_WARN_INT_CONVERSION = YES;
				CLANG_WARN_NON_LITERAL_NULL_CONVERSION = YES;
				CLANG_WARN_OBJC_IMPLICIT_RETAIN_SELF = YES;
				CLANG_WARN_OBJC_LITERAL_CONVERSION = YES;
				CLANG_WARN_OBJC_ROOT_CLASS = YES_ERROR;
				CLANG_WARN_QUOTED_INCLUDE_IN_FRAMEWORK_HEADER = YES;
				CLANG_WARN_RANGE_LOOP_ANALYSIS = YES;
				CLANG_WARN_STRICT_PROTOTYPES = YES;
				CLANG_WARN_SUSPICIOUS_MOVE = YES;
				CLANG_WARN_UNGUARDED_AVAILABILITY = YES_AGGRESSIVE;
				CLANG_WARN_UNREACHABLE_CODE = YES;
				CLANG_WARN__DUPLICATE_METHOD_MATCH = YES;
				COPY_PHASE_STRIP = NO;
				DEBUG_INFORMATION_FORMAT = dwarf;
				ENABLE_STRICT_OBJC_MSGSEND = YES;
				ENABLE_TESTABILITY = YES;
				GCC_C_LANGUAGE_STANDARD = gnu11;
				GCC_DYNAMIC_NO_PIC = NO;
				GCC_NO_COMMON_BLOCKS = YES;
				GCC_OPTIMIZATION_LEVEL = 0;
				GCC_PREPROCESSOR_DEFINITIONS = (
					"DEBUG=1",
					"$(inherited)",
				);
				GCC_WARN_64_TO_32_BIT_CONVERSION = YES;
				GCC_WARN_ABOUT_RETURN_TYPE = YES_ERROR;
				GCC_WARN_UNDECLARED_SELECTOR = YES;
				GCC_WARN_UNINITIALIZED_AUTOS = YES_AGGRESSIVE;
				GCC_WARN_UNUSED_FUNCTION = YES;
				GCC_WARN_UNUSED_VARIABLE = YES;
				IPHONEOS_DEPLOYMENT_TARGET = 14.2;
				MTL_ENABLE_DEBUG_INFO = INCLUDE_SOURCE;
				MTL_FAST_MATH = YES;
				ONLY_ACTIVE_ARCH = YES;
				SDKROOT = iphoneos;
				SWIFT_ACTIVE_COMPILATION_CONDITIONS = DEBUG;
				SWIFT_OPTIMIZATION_LEVEL = "-Onone";
			};
			name = Debug;
		};
		F89D2BCA25989EF2006D20C0 /* Release */ = {
			isa = XCBuildConfiguration;
			buildSettings = {
				ALWAYS_SEARCH_USER_PATHS = NO;
				CLANG_ANALYZER_NONNULL = YES;
				CLANG_ANALYZER_NUMBER_OBJECT_CONVERSION = YES_AGGRESSIVE;
				CLANG_CXX_LANGUAGE_STANDARD = "gnu++14";
				CLANG_CXX_LIBRARY = "libc++";
				CLANG_ENABLE_MODULES = YES;
				CLANG_ENABLE_OBJC_ARC = YES;
				CLANG_ENABLE_OBJC_WEAK = YES;
				CLANG_WARN_BLOCK_CAPTURE_AUTORELEASING = YES;
				CLANG_WARN_BOOL_CONVERSION = YES;
				CLANG_WARN_COMMA = YES;
				CLANG_WARN_CONSTANT_CONVERSION = YES;
				CLANG_WARN_DEPRECATED_OBJC_IMPLEMENTATIONS = YES;
				CLANG_WARN_DIRECT_OBJC_ISA_USAGE = YES_ERROR;
				CLANG_WARN_DOCUMENTATION_COMMENTS = YES;
				CLANG_WARN_EMPTY_BODY = YES;
				CLANG_WARN_ENUM_CONVERSION = YES;
				CLANG_WARN_INFINITE_RECURSION = YES;
				CLANG_WARN_INT_CONVERSION = YES;
				CLANG_WARN_NON_LITERAL_NULL_CONVERSION = YES;
				CLANG_WARN_OBJC_IMPLICIT_RETAIN_SELF = YES;
				CLANG_WARN_OBJC_LITERAL_CONVERSION = YES;
				CLANG_WARN_OBJC_ROOT_CLASS = YES_ERROR;
				CLANG_WARN_QUOTED_INCLUDE_IN_FRAMEWORK_HEADER = YES;
				CLANG_WARN_RANGE_LOOP_ANALYSIS = YES;
				CLANG_WARN_STRICT_PROTOTYPES = YES;
				CLANG_WARN_SUSPICIOUS_MOVE = YES;
				CLANG_WARN_UNGUARDED_AVAILABILITY = YES_AGGRESSIVE;
				CLANG_WARN_UNREACHABLE_CODE = YES;
				CLANG_WARN__DUPLICATE_METHOD_MATCH = YES;
				COPY_PHASE_STRIP = NO;
				DEBUG_INFORMATION_FORMAT = "dwarf-with-dsym";
				ENABLE_NS_ASSERTIONS = NO;
				ENABLE_STRICT_OBJC_MSGSEND = YES;
				GCC_C_LANGUAGE_STANDARD = gnu11;
				GCC_NO_COMMON_BLOCKS = YES;
				GCC_WARN_64_TO_32_BIT_CONVERSION = YES;
				GCC_WARN_ABOUT_RETURN_TYPE = YES_ERROR;
				GCC_WARN_UNDECLARED_SELECTOR = YES;
				GCC_WARN_UNINITIALIZED_AUTOS = YES_AGGRESSIVE;
				GCC_WARN_UNUSED_FUNCTION = YES;
				GCC_WARN_UNUSED_VARIABLE = YES;
				IPHONEOS_DEPLOYMENT_TARGET = 14.2;
				MTL_ENABLE_DEBUG_INFO = NO;
				MTL_FAST_MATH = YES;
				SDKROOT = iphoneos;
				SWIFT_COMPILATION_MODE = wholemodule;
				SWIFT_OPTIMIZATION_LEVEL = "-O";
				VALIDATE_PRODUCT = YES;
			};
			name = Release;
		};
		F89D2BCC25989EF2006D20C0 /* Debug */ = {
			isa = XCBuildConfiguration;
			buildSettings = {
				ASSETCATALOG_COMPILER_APPICON_NAME = AppIcon;
				ASSETCATALOG_COMPILER_GLOBAL_ACCENT_COLOR_NAME = AccentColor;
				CODE_SIGN_STYLE = Automatic;
				DEVELOPMENT_TEAM = PKEZ3U687Q;
				INFOPLIST_FILE = CalculatorWithGado/Info.plist;
				LD_RUNPATH_SEARCH_PATHS = (
					"$(inherited)",
					"@executable_path/Frameworks",
				);
				PRODUCT_BUNDLE_IDENTIFIER = com.ahmedgado.CalculatorWithGado;
				PRODUCT_NAME = "$(TARGET_NAME)";
				SWIFT_VERSION = 5.0;
				TARGETED_DEVICE_FAMILY = "1,2";
			};
			name = Debug;
		};
		F89D2BCD25989EF2006D20C0 /* Release */ = {
			isa = XCBuildConfiguration;
			buildSettings = {
				ASSETCATALOG_COMPILER_APPICON_NAME = AppIcon;
				ASSETCATALOG_COMPILER_GLOBAL_ACCENT_COLOR_NAME = AccentColor;
				CODE_SIGN_STYLE = Automatic;
				DEVELOPMENT_TEAM = PKEZ3U687Q;
				INFOPLIST_FILE = CalculatorWithGado/Info.plist;
				LD_RUNPATH_SEARCH_PATHS = (
					"$(inherited)",
					"@executable_path/Frameworks",
				);
				PRODUCT_BUNDLE_IDENTIFIER = com.ahmedgado.CalculatorWithGado;
				PRODUCT_NAME = "$(TARGET_NAME)";
				SWIFT_VERSION = 5.0;
				TARGETED_DEVICE_FAMILY = "1,2";
			};
			name = Release;
		};
/* End XCBuildConfiguration section */

/* Begin XCConfigurationList section */
		F89D2BB225989EEC006D20C0 /* Build configuration list for PBXProject "CalculatorWithGado" */ = {
			isa = XCConfigurationList;
			buildConfigurations = (
				F89D2BC925989EF2006D20C0 /* Debug */,
				F89D2BCA25989EF2006D20C0 /* Release */,
			);
			defaultConfigurationIsVisible = 0;
			defaultConfigurationName = Release;
		};
		F89D2BCB25989EF2006D20C0 /* Build configuration list for PBXNativeTarget "CalculatorWithGado" */ = {
			isa = XCConfigurationList;
			buildConfigurations = (
				F89D2BCC25989EF2006D20C0 /* Debug */,
				F89D2BCD25989EF2006D20C0 /* Release */,
			);
			defaultConfigurationIsVisible = 0;
			defaultConfigurationName = Release;
		};
/* End XCConfigurationList section */
	};
	rootObject = F89D2BAF25989EEC006D20C0 /* Project object */;
}
